
Microsoft Visual Studio Solution File, Format Version 12.00
# Visual Studio Version 17
VisualStudioVersion = 17.2.32616.157
MinimumVisualStudioVersion = 10.0.40219.1
Project("{9A19103F-16F7-4668-BE54-9A1E7A4F7556}") = "ShopOnline.Web", "ShopOnline.Web\ShopOnline.Web.csproj", "{11ECECF1-7457-4C3C-A8D5-C5AA6EA9EE86}"
EndProject
Project("{9A19103F-16F7-4668-BE54-9A1E7A4F7556}") = "ShopOnline.Api", "ShopOnline.Api\ShopOnline.Api.csproj", "{87621AFA-AE19-4C60-97EC-D0EB4EB544B4}"
EndProject
Project("{FAE04EC0-301F-11D3-BF4B-00C04F79EFBC}") = "ShopOnline.Models", "ShopOnline.Models\ShopOnline.Models.csproj", "{4C8CCFA9-AC25-454A-BA52-E6F07E7CF909}"
EndProject
Global
	GlobalSection(SolutionConfigurationPlatforms) = preSolution
		Debug|Any CPU = Debug|Any CPU
		Release|Any CPU = Release|Any CPU
	EndGlobalSection
	GlobalSection(ProjectConfigurationPlatforms) = postSolution
		{11ECECF1-7457-4C3C-A8D5-C5AA6EA9EE86}.Debug|Any CPU.ActiveCfg = Debug|Any CPU
		{11ECECF1-7457-4C3C-A8D5-C5AA6EA9EE86}.Debug|Any CPU.Build.0 = Debug|Any CPU
		{11ECECF1-7457-4C3C-A8D5-C5AA6EA9EE86}.Release|Any CPU.ActiveCfg = Release|Any CPU
		{11ECECF1-7457-4C3C-A8D5-C5AA6EA9EE86}.Release|Any CPU.Build.0 = Release|Any CPU
		{87621AFA-AE19-4C60-97EC-D0EB4EB544B4}.Debug|Any CPU.ActiveCfg = Debug|Any CPU
		{87621AFA-AE19-4C60-97EC-D0EB4EB544B4}.Debug|Any CPU.Build.0 = Debug|Any CPU
		{87621AFA-AE19-4C60-97EC-D0EB4EB544B4}.Release|Any CPU.ActiveCfg = Release|Any CPU
		{87621AFA-AE19-4C60-97EC-D0EB4EB544B4}.Release|Any CPU.Build.0 = Release|Any CPU
		{4C8CCFA9-AC25-454A-BA52-E6F07E7CF909}.Debug|Any CPU.ActiveCfg = Debug|Any CPU
		{4C8CCFA9-AC25-454A-BA52-E6F07E7CF909}.Debug|Any CPU.Build.0 = Debug|Any CPU
		{4C8CCFA9-AC25-454A-BA52-E6F07E7CF909}.Release|Any CPU.ActiveCfg = Release|Any CPU
		{4C8CCFA9-AC25-454A-BA52-E6F07E7CF909}.Release|Any CPU.Build.0 = Release|Any CPU
	EndGlobalSection
	GlobalSection(SolutionProperties) = preSolution
		HideSolutionNode = FALSE
	EndGlobalSection
	GlobalSection(ExtensibilityGlobals) = postSolution
		SolutionGuid = {7AD2EDB4-AC93-474F-8017-49712DDDA8AD}
	EndGlobalSection
EndGlobal
